
Microsoft Visual Studio Solution File, Format Version 12.00
# Visual Studio Version 17
VisualStudioVersion = 17.5.002.0
MinimumVisualStudioVersion = 10.0.40219.1
Project("{9A19103F-16F7-4668-BE54-9A1E7A4F7556}") = "TodoApi", "TodoApi.csproj", "{BBED1C4C-12C4-4BD1-A5D6-DBBFAC5FCEA3}"
EndProject
Global
	GlobalSection(SolutionConfigurationPlatforms) = preSolution
		Debug|Any CPU = Debug|Any CPU
		Release|Any CPU = Release|Any CPU
	EndGlobalSection
	GlobalSection(ProjectConfigurationPlatforms) = postSolution
		{BBED1C4C-12C4-4BD1-A5D6-DBBFAC5FCEA3}.Debug|Any CPU.ActiveCfg = Debug|Any CPU
		{BBED1C4C-12C4-4BD1-A5D6-DBBFAC5FCEA3}.Debug|Any CPU.Build.0 = Debug|Any CPU
		{BBED1C4C-12C4-4BD1-A5D6-DBBFAC5FCEA3}.Release|Any CPU.ActiveCfg = Release|Any CPU
		{BBED1C4C-12C4-4BD1-A5D6-DBBFAC5FCEA3}.Release|Any CPU.Build.0 = Release|Any CPU
	EndGlobalSection
	GlobalSection(SolutionProperties) = preSolution
		HideSolutionNode = FALSE
	EndGlobalSection
	GlobalSection(ExtensibilityGlobals) = postSolution
		SolutionGuid = {68D67971-A908-4F21-846C-5309AE0CC8D6}
	EndGlobalSection
EndGlobal
